// !$*UTF8*$!
{
	archiveVersion = 1;
	classes = {
	};
	objectVersion = 46;
	objects = {

/* Begin PBXBuildFile section */
		68EAC5641BEB44CB007998DE /* main.m in Sources */ = {isa = PBXBuildFile; fileRef = 68EAC5631BEB44CB007998DE /* main.m */; };
		68EAC5671BEB44CB007998DE /* AppDelegate.m in Sources */ = {isa = PBXBuildFile; fileRef = 68EAC5661BEB44CB007998DE /* AppDelegate.m */; };
		68EAC56A1BEB44CB007998DE /* ViewController.m in Sources */ = {isa = PBXBuildFile; fileRef = 68EAC5691BEB44CB007998DE /* ViewController.m */; };
		68EAC56D1BEB44CB007998DE /* Main.storyboard in Resources */ = {isa = PBXBuildFile; fileRef = 68EAC56B1BEB44CB007998DE /* Main.storyboard */; };
		68EAC56F1BEB44CB007998DE /* Images.xcassets in Resources */ = {isa = PBXBuildFile; fileRef = 68EAC56E1BEB44CB007998DE /* Images.xcassets */; };
		68EAC5721BEB44CB007998DE /* LaunchScreen.xib in Resources */ = {isa = PBXBuildFile; fileRef = 68EAC5701BEB44CB007998DE /* LaunchScreen.xib */; };
		68EAC57E1BEB44CB007998DE /* UIImageViewDemo2Tests.m in Sources */ = {isa = PBXBuildFile; fileRef = 68EAC57D1BEB44CB007998DE /* UIImageViewDemo2Tests.m */; };
		68EAC5D31BEB44F7007998DE /* img_0.png in Resources */ = {isa = PBXBuildFile; fileRef = 68EAC5881BEB44F7007998DE /* img_0.png */; };
		68EAC5D41BEB44F7007998DE /* img_1.png in Resources */ = {isa = PBXBuildFile; fileRef = 68EAC5891BEB44F7007998DE /* img_1.png */; };
		68EAC5D51BEB44F7007998DE /* img_10.png in Resources */ = {isa = PBXBuildFile; fileRef = 68EAC58A1BEB44F7007998DE /* img_10.png */; };
		68EAC5D61BEB44F7007998DE /* img_11.png in Resources */ = {isa = PBXBuildFile; fileRef = 68EAC58B1BEB44F7007998DE /* img_11.png */; };
		68EAC5D71BEB44F7007998DE /* img_12.png in Resources */ = {isa = PBXBuildFile; fileRef = 68EAC58C1BEB44F7007998DE /* img_12.png */; };
		68EAC5D81BEB44F7007998DE /* img_13.png in Resources */ = {isa = PBXBuildFile; fileRef = 68EAC58D1BEB44F7007998DE /* img_13.png */; };
		68EAC5D91BEB44F7007998DE /* img_14.png in Resources */ = {isa = PBXBuildFile; fileRef = 68EAC58E1BEB44F7007998DE /* img_14.png */; };
		68EAC5DA1BEB44F7007998DE /* img_15.png in Resources */ = {isa = PBXBuildFile; fileRef = 68EAC58F1BEB44F7007998DE /* img_15.png */; };
		68EAC5DB1BEB44F7007998DE /* img_16.png in Resources */ = {isa = PBXBuildFile; fileRef = 68EAC5901BEB44F7007998DE /* img_16.png */; };
		68EAC5DC1BEB44F7007998DE /* img_17.png in Resources */ = {isa = PBXBuildFile; fileRef = 68EAC5911BEB44F7007998DE /* img_17.png */; };
		68EAC5DD1BEB44F7007998DE /* img_18.png in Resources */ = {isa = PBXBuildFile; fileRef = 68EAC5921BEB44F7007998DE /* img_18.png */; };
		68EAC5DE1BEB44F7007998DE /* img_19.png in Resources */ = {isa = PBXBuildFile; fileRef = 68EAC5931BEB44F7007998DE /* img_19.png */; };
		68EAC5DF1BEB44F7007998DE /* img_2.png in Resources */ = {isa = PBXBuildFile; fileRef = 68EAC5941BEB44F7007998DE /* img_2.png */; };
		68EAC5E01BEB44F7007998DE /* img_20.png in Resources */ = {isa = PBXBuildFile; fileRef = 68EAC5951BEB44F7007998DE /* img_20.png */; };
		68EAC5E11BEB44F7007998DE /* img_21.png in Resources */ = {isa = PBXBuildFile; fileRef = 68EAC5961BEB44F7007998DE /* img_21.png */; };
		68EAC5E21BEB44F7007998DE /* img_22.png in Resources */ = {isa = PBXBuildFile; fileRef = 68EAC5971BEB44F7007998DE /* img_22.png */; };
		68EAC5E31BEB44F7007998DE /* img_23.png in Resources */ = {isa = PBXBuildFile; fileRef = 68EAC5981BEB44F7007998DE /* img_23.png */; };
		68EAC5E41BEB44F7007998DE /* img_24.png in Resources */ = {isa = PBXBuildFile; fileRef = 68EAC5991BEB44F7007998DE /* img_24.png */; };
		68EAC5E51BEB44F7007998DE /* img_25.png in Resources */ = {isa = PBXBuildFile; fileRef = 68EAC59A1BEB44F7007998DE /* img_25.png */; };
		68EAC5E61BEB44F7007998DE /* img_26.png in Resources */ = {isa = PBXBuildFile; fileRef = 68EAC59B1BEB44F7007998DE /* img_26.png */; };
		68EAC5E71BEB44F7007998DE /* img_27.png in Resources */ = {isa = PBXBuildFile; fileRef = 68EAC59C1BEB44F7007998DE /* img_27.png */; };
		68EAC5E81BEB44F7007998DE /* img_28.png in Resources */ = {isa = PBXBuildFile; fileRef = 68EAC59D1BEB44F7007998DE /* img_28.png */; };
		68EAC5E91BEB44F7007998DE /* img_29.png in Resources */ = {isa = PBXBuildFile; fileRef = 68EAC59E1BEB44F7007998DE /* img_29.png */; };
		68EAC5EA1BEB44F7007998DE /* img_3.png in Resources */ = {isa = PBXBuildFile; fileRef = 68EAC59F1BEB44F7007998DE /* img_3.png */; };
		68EAC5EB1BEB44F7007998DE /* img_30.png in Resources */ = {isa = PBXBuildFile; fileRef = 68EAC5A01BEB44F7007998DE /* img_30.png */; };
		68EAC5EC1BEB44F7007998DE /* img_31.png in Resources */ = {isa = PBXBuildFile; fileRef = 68EAC5A11BEB44F7007998DE /* img_31.png */; };
		68EAC5ED1BEB44F7007998DE /* img_32.png in Resources */ = {isa = PBXBuildFile; fileRef = 68EAC5A21BEB44F7007998DE /* img_32.png */; };
		68EAC5EE1BEB44F7007998DE /* img_33.png in Resources */ = {isa = PBXBuildFile; fileRef = 68EAC5A31BEB44F7007998DE /* img_33.png */; };
		68EAC5EF1BEB44F7007998DE /* img_34.png in Resources */ = {isa = PBXBuildFile; fileRef = 68EAC5A41BEB44F7007998DE /* img_34.png */; };
		68EAC5F01BEB44F7007998DE /* img_35.png in Resources */ = {isa = PBXBuildFile; fileRef = 68EAC5A51BEB44F7007998DE /* img_35.png */; };
		68EAC5F11BEB44F7007998DE /* img_36.png in Resources */ = {isa = PBXBuildFile; fileRef = 68EAC5A61BEB44F7007998DE /* img_36.png */; };
		68EAC5F21BEB44F7007998DE /* img_37.png in Resources */ = {isa = PBXBuildFile; fileRef = 68EAC5A71BEB44F7007998DE /* img_37.png */; };
		68EAC5F31BEB44F7007998DE /* img_38.png in Resources */ = {isa = PBXBuildFile; fileRef = 68EAC5A81BEB44F7007998DE /* img_38.png */; };
		68EAC5F41BEB44F7007998DE /* img_39.png in Resources */ = {isa = PBXBuildFile; fileRef = 68EAC5A91BEB44F7007998DE /* img_39.png */; };
		68EAC5F51BEB44F7007998DE /* img_4.png in Resources */ = {isa = PBXBuildFile; fileRef = 68EAC5AA1BEB44F7007998DE /* img_4.png */; };
		68EAC5F61BEB44F7007998DE /* img_40.png in Resources */ = {isa = PBXBuildFile; fileRef = 68EAC5AB1BEB44F7007998DE /* img_40.png */; };
		68EAC5F71BEB44F7007998DE /* img_41.png in Resources */ = {isa = PBXBuildFile; fileRef = 68EAC5AC1BEB44F7007998DE /* img_41.png */; };
		68EAC5F81BEB44F7007998DE /* img_42.png in Resources */ = {isa = PBXBuildFile; fileRef = 68EAC5AD1BEB44F7007998DE /* img_42.png */; };
		68EAC5F91BEB44F7007998DE /* img_43.png in Resources */ = {isa = PBXBuildFile; fileRef = 68EAC5AE1BEB44F7007998DE /* img_43.png */; };
		68EAC5FA1BEB44F7007998DE /* img_44.png in Resources */ = {isa = PBXBuildFile; fileRef = 68EAC5AF1BEB44F7007998DE /* img_44.png */; };
		68EAC5FB1BEB44F7007998DE /* img_45.png in Resources */ = {isa = PBXBuildFile; fileRef = 68EAC5B01BEB44F7007998DE /* img_45.png */; };
		68EAC5FC1BEB44F7007998DE /* img_46.png in Resources */ = {isa = PBXBuildFile; fileRef = 68EAC5B11BEB44F7007998DE /* img_46.png */; };
		68EAC5FD1BEB44F7007998DE /* img_47.png in Resources */ = {isa = PBXBuildFile; fileRef = 68EAC5B21BEB44F7007998DE /* img_47.png */; };
		68EAC5FE1BEB44F7007998DE /* img_48.png in Resources */ = {isa = PBXBuildFile; fileRef = 68EAC5B31BEB44F7007998DE /* img_48.png */; };
		68EAC5FF1BEB44F7007998DE /* img_49.png in Resources */ = {isa = PBXBuildFile; fileRef = 68EAC5B41BEB44F7007998DE /* img_49.png */; };
		68EAC6001BEB44F7007998DE /* img_5.png in Resources */ = {isa = PBXBuildFile; fileRef = 68EAC5B51BEB44F7007998DE /* img_5.png */; };
		68EAC6011BEB44F7007998DE /* img_50.png in Resources */ = {isa = PBXBuildFile; fileRef = 68EAC5B61BEB44F7007998DE /* img_50.png */; };
		68EAC6021BEB44F7007998DE /* img_51.png in Resources */ = {isa = PBXBuildFile; fileRef = 68EAC5B71BEB44F7007998DE /* img_51.png */; };
		68EAC6031BEB44F7007998DE /* img_52.png in Resources */ = {isa = PBXBuildFile; fileRef = 68EAC5B81BEB44F7007998DE /* img_52.png */; };
		68EAC6041BEB44F7007998DE /* img_53.png in Resources */ = {isa = PBXBuildFile; fileRef = 68EAC5B91BEB44F7007998DE /* img_53.png */; };
		68EAC6051BEB44F7007998DE /* img_54.png in Resources */ = {isa = PBXBuildFile; fileRef = 68EAC5BA1BEB44F7007998DE /* img_54.png */; };
		68EAC6061BEB44F7007998DE /* img_55.png in Resources */ = {isa = PBXBuildFile; fileRef = 68EAC5BB1BEB44F7007998DE /* img_55.png */; };
		68EAC6071BEB44F7007998DE /* img_56.png in Resources */ = {isa = PBXBuildFile; fileRef = 68EAC5BC1BEB44F7007998DE /* img_56.png */; };
		68EAC6081BEB44F7007998DE /* img_57.png in Resources */ = {isa = PBXBuildFile; fileRef = 68EAC5BD1BEB44F7007998DE /* img_57.png */; };
		68EAC6091BEB44F7007998DE /* img_58.png in Resources */ = {isa = PBXBuildFile; fileRef = 68EAC5BE1BEB44F7007998DE /* img_58.png */; };
		68EAC60A1BEB44F7007998DE /* img_59.png in Resources */ = {isa = PBXBuildFile; fileRef = 68EAC5BF1BEB44F7007998DE /* img_59.png */; };
		68EAC60B1BEB44F7007998DE /* img_6.png in Resources */ = {isa = PBXBuildFile; fileRef = 68EAC5C01BEB44F7007998DE /* img_6.png */; };
		68EAC60C1BEB44F7007998DE /* img_60.png in Resources */ = {isa = PBXBuildFile; fileRef = 68EAC5C11BEB44F7007998DE /* img_60.png */; };
		68EAC60D1BEB44F7007998DE /* img_61.png in Resources */ = {isa = PBXBuildFile; fileRef = 68EAC5C21BEB44F7007998DE /* img_61.png */; };
		68EAC60E1BEB44F7007998DE /* img_62.png in Resources */ = {isa = PBXBuildFile; fileRef = 68EAC5C31BEB44F7007998DE /* img_62.png */; };
		68EAC60F1BEB44F7007998DE /* img_63.png in Resources */ = {isa = PBXBuildFile; fileRef = 68EAC5C41BEB44F7007998DE /* img_63.png */; };
		68EAC6101BEB44F7007998DE /* img_64.png in Resources */ = {isa = PBXBuildFile; fileRef = 68EAC5C51BEB44F7007998DE /* img_64.png */; };
		68EAC6111BEB44F7007998DE /* img_65.png in Resources */ = {isa = PBXBuildFile; fileRef = 68EAC5C61BEB44F7007998DE /* img_65.png */; };
		68EAC6121BEB44F7007998DE /* img_66.png in Resources */ = {isa = PBXBuildFile; fileRef = 68EAC5C71BEB44F7007998DE /* img_66.png */; };
		68EAC6131BEB44F7007998DE /* img_67.png in Resources */ = {isa = PBXBuildFile; fileRef = 68EAC5C81BEB44F7007998DE /* img_67.png */; };
		68EAC6141BEB44F7007998DE /* img_68.png in Resources */ = {isa = PBXBuildFile; fileRef = 68EAC5C91BEB44F7007998DE /* img_68.png */; };
		68EAC6151BEB44F7007998DE /* img_69.png in Resources */ = {isa = PBXBuildFile; fileRef = 68EAC5CA1BEB44F7007998DE /* img_69.png */; };
		68EAC6161BEB44F7007998DE /* img_7.png in Resources */ = {isa = PBXBuildFile; fileRef = 68EAC5CB1BEB44F7007998DE /* img_7.png */; };
		68EAC6171BEB44F7007998DE /* img_70.png in Resources */ = {isa = PBXBuildFile; fileRef = 68EAC5CC1BEB44F7007998DE /* img_70.png */; };
		68EAC6181BEB44F7007998DE /* img_71.png in Resources */ = {isa = PBXBuildFile; fileRef = 68EAC5CD1BEB44F7007998DE /* img_71.png */; };
		68EAC6191BEB44F7007998DE /* img_72.png in Resources */ = {isa = PBXBuildFile; fileRef = 68EAC5CE1BEB44F7007998DE /* img_72.png */; };
		68EAC61A1BEB44F7007998DE /* img_73.png in Resources */ = {isa = PBXBuildFile; fileRef = 68EAC5CF1BEB44F7007998DE /* img_73.png */; };
		68EAC61B1BEB44F7007998DE /* img_74.png in Resources */ = {isa = PBXBuildFile; fileRef = 68EAC5D01BEB44F7007998DE /* img_74.png */; };
		68EAC61C1BEB44F7007998DE /* img_8.png in Resources */ = {isa = PBXBuildFile; fileRef = 68EAC5D11BEB44F7007998DE /* img_8.png */; };
		68EAC61D1BEB44F7007998DE /* img_9.png in Resources */ = {isa = PBXBuildFile; fileRef = 68EAC5D21BEB44F7007998DE /* img_9.png */; };
		68EAC6211BEB4973007998DE /* nor.png in Resources */ = {isa = PBXBuildFile; fileRef = 68EAC61F1BEB4973007998DE /* nor.png */; };
		68EAC6221BEB4973007998DE /* press.png in Resources */ = {isa = PBXBuildFile; fileRef = 68EAC6201BEB4973007998DE /* press.png */; };
/* End PBXBuildFile section */

/* Begin PBXContainerItemProxy section */
		68EAC5781BEB44CB007998DE /* PBXContainerItemProxy */ = {
			isa = PBXContainerItemProxy;
			containerPortal = 68EAC5561BEB44CB007998DE /* Project object */;
			proxyType = 1;
			remoteGlobalIDString = 68EAC55D1BEB44CB007998DE;
			remoteInfo = UIImageViewDemo2;
		};
/* End PBXContainerItemProxy section */

/* Begin PBXFileReference section */
		68EAC55E1BEB44CB007998DE /* UIImageViewDemo2.app */ = {isa = PBXFileReference; explicitFileType = wrapper.application; includeInIndex = 0; path = UIImageViewDemo2.app; sourceTree = BUILT_PRODUCTS_DIR; };
		68EAC5621BEB44CB007998DE /* Info.plist */ = {isa = PBXFileReference; lastKnownFileType = text.plist.xml; path = Info.plist; sourceTree = "<group>"; };
		68EAC5631BEB44CB007998DE /* main.m */ = {isa = PBXFileReference; lastKnownFileType = sourcecode.c.objc; path = main.m; sourceTree = "<group>"; };
		68EAC5651BEB44CB007998DE /* AppDelegate.h */ = {isa = PBXFileReference; lastKnownFileType = sourcecode.c.h; path = AppDelegate.h; sourceTree = "<group>"; };
		68EAC5661BEB44CB007998DE /* AppDelegate.m */ = {isa = PBXFileReference; lastKnownFileType = sourcecode.c.objc; path = AppDelegate.m; sourceTree = "<group>"; };
		68EAC5681BEB44CB007998DE /* ViewController.h */ = {isa = PBXFileReference; lastKnownFileType = sourcecode.c.h; path = ViewController.h; sourceTree = "<group>"; };
		68EAC5691BEB44CB007998DE /* ViewController.m */ = {isa = PBXFileReference; lastKnownFileType = sourcecode.c.objc; path = ViewController.m; sourceTree = "<group>"; };
		68EAC56C1BEB44CB007998DE /* Base */ = {isa = PBXFileReference; lastKnownFileType = file.storyboard; name = Base; path = Base.lproj/Main.storyboard; sourceTree = "<group>"; };
		68EAC56E1BEB44CB007998DE /* Images.xcassets */ = {isa = PBXFileReference; lastKnownFileType = folder.assetcatalog; path = Images.xcassets; sourceTree = "<group>"; };
		68EAC5711BEB44CB007998DE /* Base */ = {isa = PBXFileReference; lastKnownFileType = file.xib; name = Base; path = Base.lproj/LaunchScreen.xib; sourceTree = "<group>"; };
		68EAC5771BEB44CB007998DE /* UIImageViewDemo2Tests.xctest */ = {isa = PBXFileReference; explicitFileType = wrapper.cfbundle; includeInIndex = 0; path = UIImageViewDemo2Tests.xctest; sourceTree = BUILT_PRODUCTS_DIR; };
		68EAC57C1BEB44CB007998DE /* Info.plist */ = {isa = PBXFileReference; lastKnownFileType = text.plist.xml; path = Info.plist; sourceTree = "<group>"; };
		68EAC57D1BEB44CB007998DE /* UIImageViewDemo2Tests.m */ = {isa = PBXFileReference; lastKnownFileType = sourcecode.c.objc; path = UIImageViewDemo2Tests.m; sourceTree = "<group>"; };
		68EAC5881BEB44F7007998DE /* img_0.png */ = {isa = PBXFileReference; lastKnownFileType = image.png; path = img_0.png; sourceTree = "<group>"; };
		68EAC5891BEB44F7007998DE /* img_1.png */ = {isa = PBXFileReference; lastKnownFileType = image.png; path = img_1.png; sourceTree = "<group>"; };
		68EAC58A1BEB44F7007998DE /* img_10.png */ = {isa = PBXFileReference; lastKnownFileType = image.png; path = img_10.png; sourceTree = "<group>"; };
		68EAC58B1BEB44F7007998DE /* img_11.png */ = {isa = PBXFileReference; lastKnownFileType = image.png; path = img_11.png; sourceTree = "<group>"; };
		68EAC58C1BEB44F7007998DE /* img_12.png */ = {isa = PBXFileReference; lastKnownFileType = image.png; path = img_12.png; sourceTree = "<group>"; };
		68EAC58D1BEB44F7007998DE /* img_13.png */ = {isa = PBXFileReference; lastKnownFileType = image.png; path = img_13.png; sourceTree = "<group>"; };
		68EAC58E1BEB44F7007998DE /* img_14.png */ = {isa = PBXFileReference; lastKnownFileType = image.png; path = img_14.png; sourceTree = "<group>"; };
		68EAC58F1BEB44F7007998DE /* img_15.png */ = {isa = PBXFileReference; lastKnownFileType = image.png; path = img_15.png; sourceTree = "<group>"; };
		68EAC5901BEB44F7007998DE /* img_16.png */ = {isa = PBXFileReference; lastKnownFileType = image.png; path = img_16.png; sourceTree = "<group>"; };
		68EAC5911BEB44F7007998DE /* img_17.png */ = {isa = PBXFileReference; lastKnownFileType = image.png; path = img_17.png; sourceTree = "<group>"; };
		68EAC5921BEB44F7007998DE /* img_18.png */ = {isa = PBXFileReference; lastKnownFileType = image.png; path = img_18.png; sourceTree = "<group>"; };
		68EAC5931BEB44F7007998DE /* img_19.png */ = {isa = PBXFileReference; lastKnownFileType = image.png; path = img_19.png; sourceTree = "<group>"; };
		68EAC5941BEB44F7007998DE /* img_2.png */ = {isa = PBXFileReference; lastKnownFileType = image.png; path = img_2.png; sourceTree = "<group>"; };
		68EAC5951BEB44F7007998DE /* img_20.png */ = {isa = PBXFileReference; lastKnownFileType = image.png; path = img_20.png; sourceTree = "<group>"; };
		68EAC5961BEB44F7007998DE /* img_21.png */ = {isa = PBXFileReference; lastKnownFileType = image.png; path = img_21.png; sourceTree = "<group>"; };
		68EAC5971BEB44F7007998DE /* img_22.png */ = {isa = PBXFileReference; lastKnownFileType = image.png; path = img_22.png; sourceTree = "<group>"; };
		68EAC5981BEB44F7007998DE /* img_23.png */ = {isa = PBXFileReference; lastKnownFileType = image.png; path = img_23.png; sourceTree = "<group>"; };
		68EAC5991BEB44F7007998DE /* img_24.png */ = {isa = PBXFileReference; lastKnownFileType = image.png; path = img_24.png; sourceTree = "<group>"; };
		68EAC59A1BEB44F7007998DE /* img_25.png */ = {isa = PBXFileReference; lastKnownFileType = image.png; path = img_25.png; sourceTree = "<group>"; };
		68EAC59B1BEB44F7007998DE /* img_26.png */ = {isa = PBXFileReference; lastKnownFileType = image.png; path = img_26.png; sourceTree = "<group>"; };
		68EAC59C1BEB44F7007998DE /* img_27.png */ = {isa = PBXFileReference; lastKnownFileType = image.png; path = img_27.png; sourceTree = "<group>"; };
		68EAC59D1BEB44F7007998DE /* img_28.png */ = {isa = PBXFileReference; lastKnownFileType = image.png; path = img_28.png; sourceTree = "<group>"; };
		68EAC59E1BEB44F7007998DE /* img_29.png */ = {isa = PBXFileReference; lastKnownFileType = image.png; path = img_29.png; sourceTree = "<group>"; };
		68EAC59F1BEB44F7007998DE /* img_3.png */ = {isa = PBXFileReference; lastKnownFileType = image.png; path = img_3.png; sourceTree = "<group>"; };
		68EAC5A01BEB44F7007998DE /* img_30.png */ = {isa = PBXFileReference; lastKnownFileType = image.png; path = img_30.png; sourceTree = "<group>"; };
		68EAC5A11BEB44F7007998DE /* img_31.png */ = {isa = PBXFileReference; lastKnownFileType = image.png; path = img_31.png; sourceTree = "<group>"; };
		68EAC5A21BEB44F7007998DE /* img_32.png */ = {isa = PBXFileReference; lastKnownFileType = image.png; path = img_32.png; sourceTree = "<group>"; };
		68EAC5A31BEB44F7007998DE /* img_33.png */ = {isa = PBXFileReference; lastKnownFileType = image.png; path = img_33.png; sourceTree = "<group>"; };
		68EAC5A41BEB44F7007998DE /* img_34.png */ = {isa = PBXFileReference; lastKnownFileType = image.png; path = img_34.png; sourceTree = "<group>"; };
		68EAC5A51BEB44F7007998DE /* img_35.png */ = {isa = PBXFileReference; lastKnownFileType = image.png; path = img_35.png; sourceTree = "<group>"; };
		68EAC5A61BEB44F7007998DE /* img_36.png */ = {isa = PBXFileReference; lastKnownFileType = image.png; path = img_36.png; sourceTree = "<group>"; };
		68EAC5A71BEB44F7007998DE /* img_37.png */ = {isa = PBXFileReference; lastKnownFileType = image.png; path = img_37.png; sourceTree = "<group>"; };
		68EAC5A81BEB44F7007998DE /* img_38.png */ = {isa = PBXFileReference; lastKnownFileType = image.png; path = img_38.png; sourceTree = "<group>"; };
		68EAC5A91BEB44F7007998DE /* img_39.png */ = {isa = PBXFileReference; lastKnownFileType = image.png; path = img_39.png; sourceTree = "<group>"; };
		68EAC5AA1BEB44F7007998DE /* img_4.png */ = {isa = PBXFileReference; lastKnownFileType = image.png; path = img_4.png; sourceTree = "<group>"; };
		68EAC5AB1BEB44F7007998DE /* img_40.png */ = {isa = PBXFileReference; lastKnownFileType = image.png; path = img_40.png; sourceTree = "<group>"; };
		68EAC5AC1BEB44F7007998DE /* img_41.png */ = {isa = PBXFileReference; lastKnownFileType = image.png; path = img_41.png; sourceTree = "<group>"; };
		68EAC5AD1BEB44F7007998DE /* img_42.png */ = {isa = PBXFileReference; lastKnownFileType = image.png; path = img_42.png; sourceTree = "<group>"; };
		68EAC5AE1BEB44F7007998DE /* img_43.png */ = {isa = PBXFileReference; lastKnownFileType = image.png; path = img_43.png; sourceTree = "<group>"; };
		68EAC5AF1BEB44F7007998DE /* img_44.png */ = {isa = PBXFileReference; lastKnownFileType = image.png; path = img_44.png; sourceTree = "<group>"; };
		68EAC5B01BEB44F7007998DE /* img_45.png */ = {isa = PBXFileReference; lastKnownFileType = image.png; path = img_45.png; sourceTree = "<group>"; };
		68EAC5B11BEB44F7007998DE /* img_46.png */ = {isa = PBXFileReference; lastKnownFileType = image.png; path = img_46.png; sourceTree = "<group>"; };
		68EAC5B21BEB44F7007998DE /* img_47.png */ = {isa = PBXFileReference; lastKnownFileType = image.png; path = img_47.png; sourceTree = "<group>"; };
		68EAC5B31BEB44F7007998DE /* img_48.png */ = {isa = PBXFileReference; lastKnownFileType = image.png; path = img_48.png; sourceTree = "<group>"; };
		68EAC5B41BEB44F7007998DE /* img_49.png */ = {isa = PBXFileReference; lastKnownFileType = image.png; path = img_49.png; sourceTree = "<group>"; };
		68EAC5B51BEB44F7007998DE /* img_5.png */ = {isa = PBXFileReference; lastKnownFileType = image.png; path = img_5.png; sourceTree = "<group>"; };
		68EAC5B61BEB44F7007998DE /* img_50.png */ = {isa = PBXFileReference; lastKnownFileType = image.png; path = img_50.png; sourceTree = "<group>"; };
		68EAC5B71BEB44F7007998DE /* img_51.png */ = {isa = PBXFileReference; lastKnownFileType = image.png; path = img_51.png; sourceTree = "<group>"; };
		68EAC5B81BEB44F7007998DE /* img_52.png */ = {isa = PBXFileReference; lastKnownFileType = image.png; path = img_52.png; sourceTree = "<group>"; };
		68EAC5B91BEB44F7007998DE /* img_53.png */ = {isa = PBXFileReference; lastKnownFileType = image.png; path = img_53.png; sourceTree = "<group>"; };
		68EAC5BA1BEB44F7007998DE /* img_54.png */ = {isa = PBXFileReference; lastKnownFileType = image.png; path = img_54.png; sourceTree = "<group>"; };
		68EAC5BB1BEB44F7007998DE /* img_55.png */ = {isa = PBXFileReference; lastKnownFileType = image.png; path = img_55.png; sourceTree = "<group>"; };
		68EAC5BC1BEB44F7007998DE /* img_56.png */ = {isa = PBXFileReference; lastKnownFileType = image.png; path = img_56.png; sourceTree = "<group>"; };
		68EAC5BD1BEB44F7007998DE /* img_57.png */ = {isa = PBXFileReference; lastKnownFileType = image.png; path = img_57.png; sourceTree = "<group>"; };
		68EAC5BE1BEB44F7007998DE /* img_58.png */ = {isa = PBXFileReference; lastKnownFileType = image.png; path = img_58.png; sourceTree = "<group>"; };
		68EAC5BF1BEB44F7007998DE /* img_59.png */ = {isa = PBXFileReference; lastKnownFileType = image.png; path = img_59.png; sourceTree = "<group>"; };
		68EAC5C01BEB44F7007998DE /* img_6.png */ = {isa = PBXFileReference; lastKnownFileType = image.png; path = img_6.png; sourceTree = "<group>"; };
		68EAC5C11BEB44F7007998DE /* img_60.png */ = {isa = PBXFileReference; lastKnownFileType = image.png; path = img_60.png; sourceTree = "<group>"; };
		68EAC5C21BEB44F7007998DE /* img_61.png */ = {isa = PBXFileReference; lastKnownFileType = image.png; path = img_61.png; sourceTree = "<group>"; };
		68EAC5C31BEB44F7007998DE /* img_62.png */ = {isa = PBXFileReference; lastKnownFileType = image.png; path = img_62.png; sourceTree = "<group>"; };
		68EAC5C41BEB44F7007998DE /* img_63.png */ = {isa = PBXFileReference; lastKnownFileType = image.png; path = img_63.png; sourceTree = "<group>"; };
		68EAC5C51BEB44F7007998DE /* img_64.png */ = {isa = PBXFileReference; lastKnownFileType = image.png; path = img_64.png; sourceTree = "<group>"; };
		68EAC5C61BEB44F7007998DE /* img_65.png */ = {isa = PBXFileReference; lastKnownFileType = image.png; path = img_65.png; sourceTree = "<group>"; };
		68EAC5C71BEB44F7007998DE /* img_66.png */ = {isa = PBXFileReference; lastKnownFileType = image.png; path = img_66.png; sourceTree = "<group>"; };
		68EAC5C81BEB44F7007998DE /* img_67.png */ = {isa = PBXFileReference; lastKnownFileType = image.png; path = img_67.png; sourceTree = "<group>"; };
		68EAC5C91BEB44F7007998DE /* img_68.png */ = {isa = PBXFileReference; lastKnownFileType = image.png; path = img_68.png; sourceTree = "<group>"; };
		68EAC5CA1BEB44F7007998DE /* img_69.png */ = {isa = PBXFileReference; lastKnownFileType = image.png; path = img_69.png; sourceTree = "<group>"; };
		68EAC5CB1BEB44F7007998DE /* img_7.png */ = {isa = PBXFileReference; lastKnownFileType = image.png; path = img_7.png; sourceTree = "<group>"; };
		68EAC5CC1BEB44F7007998DE /* img_70.png */ = {isa = PBXFileReference; lastKnownFileType = image.png; path = img_70.png; sourceTree = "<group>"; };
		68EAC5CD1BEB44F7007998DE /* img_71.png */ = {isa = PBXFileReference; lastKnownFileType = image.png; path = img_71.png; sourceTree = "<group>"; };
		68EAC5CE1BEB44F7007998DE /* img_72.png */ = {isa = PBXFileReference; lastKnownFileType = image.png; path = img_72.png; sourceTree = "<group>"; };
		68EAC5CF1BEB44F7007998DE /* img_73.png */ = {isa = PBXFileReference; lastKnownFileType = image.png; path = img_73.png; sourceTree = "<group>"; };
		68EAC5D01BEB44F7007998DE /* img_74.png */ = {isa = PBXFileReference; lastKnownFileType = image.png; path = img_74.png; sourceTree = "<group>"; };
		68EAC5D11BEB44F7007998DE /* img_8.png */ = {isa = PBXFileReference; lastKnownFileType = image.png; path = img_8.png; sourceTree = "<group>"; };
		68EAC5D21BEB44F7007998DE /* img_9.png */ = {isa = PBXFileReference; lastKnownFileType = image.png; path = img_9.png; sourceTree = "<group>"; };
		68EAC61F1BEB4973007998DE /* nor.png */ = {isa = PBXFileReference; lastKnownFileType = image.png; path = nor.png; sourceTree = "<group>"; };
		68EAC6201BEB4973007998DE /* press.png */ = {isa = PBXFileReference; lastKnownFileType = image.png; path = press.png; sourceTree = "<group>"; };
/* End PBXFileReference section */

/* Begin PBXFrameworksBuildPhase section */
		68EAC55B1BEB44CB007998DE /* Frameworks */ = {
			isa = PBXFrameworksBuildPhase;
			buildActionMask = 2147483647;
			files = (
			);
			runOnlyForDeploymentPostprocessing = 0;
		};
		68EAC5741BEB44CB007998DE /* Frameworks */ = {
			isa = PBXFrameworksBuildPhase;
			buildActionMask = 2147483647;
			files = (
			);
			runOnlyForDeploymentPostprocessing = 0;
		};
/* End PBXFrameworksBuildPhase section */

/* Begin PBXGroup section */
		68EAC5551BEB44CB007998DE = {
			isa = PBXGroup;
			children = (
				68EAC5601BEB44CB007998DE /* UIImageViewDemo2 */,
				68EAC57A1BEB44CB007998DE /* UIImageViewDemo2Tests */,
				68EAC55F1BEB44CB007998DE /* Products */,
			);
			sourceTree = "<group>";
		};
		68EAC55F1BEB44CB007998DE /* Products */ = {
			isa = PBXGroup;
			children = (
				68EAC55E1BEB44CB007998DE /* UIImageViewDemo2.app */,
				68EAC5771BEB44CB007998DE /* UIImageViewDemo2Tests.xctest */,
			);
			name = Products;
			sourceTree = "<group>";
		};
		68EAC5601BEB44CB007998DE /* UIImageViewDemo2 */ = {
			isa = PBXGroup;
			children = (
				68EAC61E1BEB4973007998DE /* Tab */,
				68EAC5871BEB44F7007998DE /* images */,
				68EAC5651BEB44CB007998DE /* AppDelegate.h */,
				68EAC5661BEB44CB007998DE /* AppDelegate.m */,
				68EAC5681BEB44CB007998DE /* ViewController.h */,
				68EAC5691BEB44CB007998DE /* ViewController.m */,
				68EAC56B1BEB44CB007998DE /* Main.storyboard */,
				68EAC56E1BEB44CB007998DE /* Images.xcassets */,
				68EAC5701BEB44CB007998DE /* LaunchScreen.xib */,
				68EAC5611BEB44CB007998DE /* Supporting Files */,
			);
			path = UIImageViewDemo2;
			sourceTree = "<group>";
		};
		68EAC5611BEB44CB007998DE /* Supporting Files */ = {
			isa = PBXGroup;
			children = (
				68EAC5621BEB44CB007998DE /* Info.plist */,
				68EAC5631BEB44CB007998DE /* main.m */,
			);
			name = "Supporting Files";
			sourceTree = "<group>";
		};
		68EAC57A1BEB44CB007998DE /* UIImageViewDemo2Tests */ = {
			isa = PBXGroup;
			children = (
				68EAC57D1BEB44CB007998DE /* UIImageViewDemo2Tests.m */,
				68EAC57B1BEB44CB007998DE /* Supporting Files */,
			);
			path = UIImageViewDemo2Tests;
			sourceTree = "<group>";
		};
		68EAC57B1BEB44CB007998DE /* Supporting Files */ = {
			isa = PBXGroup;
			children = (
				68EAC57C1BEB44CB007998DE /* Info.plist */,
			);
			name = "Supporting Files";
			sourceTree = "<group>";
		};
		68EAC5871BEB44F7007998DE /* images */ = {
			isa = PBXGroup;
			children = (
				68EAC5881BEB44F7007998DE /* img_0.png */,
				68EAC5891BEB44F7007998DE /* img_1.png */,
				68EAC58A1BEB44F7007998DE /* img_10.png */,
				68EAC58B1BEB44F7007998DE /* img_11.png */,
				68EAC58C1BEB44F7007998DE /* img_12.png */,
				68EAC58D1BEB44F7007998DE /* img_13.png */,
				68EAC58E1BEB44F7007998DE /* img_14.png */,
				68EAC58F1BEB44F7007998DE /* img_15.png */,
				68EAC5901BEB44F7007998DE /* img_16.png */,
				68EAC5911BEB44F7007998DE /* img_17.png */,
				68EAC5921BEB44F7007998DE /* img_18.png */,
				68EAC5931BEB44F7007998DE /* img_19.png */,
				68EAC5941BEB44F7007998DE /* img_2.png */,
				68EAC5951BEB44F7007998DE /* img_20.png */,
				68EAC5961BEB44F7007998DE /* img_21.png */,
				68EAC5971BEB44F7007998DE /* img_22.png */,
				68EAC5981BEB44F7007998DE /* img_23.png */,
				68EAC5991BEB44F7007998DE /* img_24.png */,
				68EAC59A1BEB44F7007998DE /* img_25.png */,
				68EAC59B1BEB44F7007998DE /* img_26.png */,
				68EAC59C1BEB44F7007998DE /* img_27.png */,
				68EAC59D1BEB44F7007998DE /* img_28.png */,
				68EAC59E1BEB44F7007998DE /* img_29.png */,
				68EAC59F1BEB44F7007998DE /* img_3.png */,
				68EAC5A01BEB44F7007998DE /* img_30.png */,
				68EAC5A11BEB44F7007998DE /* img_31.png */,
				68EAC5A21BEB44F7007998DE /* img_32.png */,
				68EAC5A31BEB44F7007998DE /* img_33.png */,
				68EAC5A41BEB44F7007998DE /* img_34.png */,
				68EAC5A51BEB44F7007998DE /* img_35.png */,
				68EAC5A61BEB44F7007998DE /* img_36.png */,
				68EAC5A71BEB44F7007998DE /* img_37.png */,
				68EAC5A81BEB44F7007998DE /* img_38.png */,
				68EAC5A91BEB44F7007998DE /* img_39.png */,
				68EAC5AA1BEB44F7007998DE /* img_4.png */,
				68EAC5AB1BEB44F7007998DE /* img_40.png */,
				68EAC5AC1BEB44F7007998DE /* img_41.png */,
				68EAC5AD1BEB44F7007998DE /* img_42.png */,
				68EAC5AE1BEB44F7007998DE /* img_43.png */,
				68EAC5AF1BEB44F7007998DE /* img_44.png */,
				68EAC5B01BEB44F7007998DE /* img_45.png */,
				68EAC5B11BEB44F7007998DE /* img_46.png */,
				68EAC5B21BEB44F7007998DE /* img_47.png */,
				68EAC5B31BEB44F7007998DE /* img_48.png */,
				68EAC5B41BEB44F7007998DE /* img_49.png */,
				68EAC5B51BEB44F7007998DE /* img_5.png */,
				68EAC5B61BEB44F7007998DE /* img_50.png */,
				68EAC5B71BEB44F7007998DE /* img_51.png */,
				68EAC5B81BEB44F7007998DE /* img_52.png */,
				68EAC5B91BEB44F7007998DE /* img_53.png */,
				68EAC5BA1BEB44F7007998DE /* img_54.png */,
				68EAC5BB1BEB44F7007998DE /* img_55.png */,
				68EAC5BC1BEB44F7007998DE /* img_56.png */,
				68EAC5BD1BEB44F7007998DE /* img_57.png */,
				68EAC5BE1BEB44F7007998DE /* img_58.png */,
				68EAC5BF1BEB44F7007998DE /* img_59.png */,
				68EAC5C01BEB44F7007998DE /* img_6.png */,
				68EAC5C11BEB44F7007998DE /* img_60.png */,
				68EAC5C21BEB44F7007998DE /* img_61.png */,
				68EAC5C31BEB44F7007998DE /* img_62.png */,
				68EAC5C41BEB44F7007998DE /* img_63.png */,
				68EAC5C51BEB44F7007998DE /* img_64.png */,
				68EAC5C61BEB44F7007998DE /* img_65.png */,
				68EAC5C71BEB44F7007998DE /* img_66.png */,
				68EAC5C81BEB44F7007998DE /* img_67.png */,
				68EAC5C91BEB44F7007998DE /* img_68.png */,
				68EAC5CA1BEB44F7007998DE /* img_69.png */,
				68EAC5CB1BEB44F7007998DE /* img_7.png */,
				68EAC5CC1BEB44F7007998DE /* img_70.png */,
				68EAC5CD1BEB44F7007998DE /* img_71.png */,
				68EAC5CE1BEB44F7007998DE /* img_72.png */,
				68EAC5CF1BEB44F7007998DE /* img_73.png */,
				68EAC5D01BEB44F7007998DE /* img_74.png */,
				68EAC5D11BEB44F7007998DE /* img_8.png */,
				68EAC5D21BEB44F7007998DE /* img_9.png */,
			);
			path = images;
			sourceTree = "<group>";
		};
		68EAC61E1BEB4973007998DE /* Tab */ = {
			isa = PBXGroup;
			children = (
				68EAC61F1BEB4973007998DE /* nor.png */,
				68EAC6201BEB4973007998DE /* press.png */,
			);
			path = Tab;
			sourceTree = "<group>";
		};
/* End PBXGroup section */

/* Begin PBXNativeTarget section */
		68EAC55D1BEB44CB007998DE /* UIImageViewDemo2 */ = {
			isa = PBXNativeTarget;
			buildConfigurationList = 68EAC5811BEB44CB007998DE /* Build configuration list for PBXNativeTarget "UIImageViewDemo2" */;
			buildPhases = (
				68EAC55A1BEB44CB007998DE /* Sources */,
				68EAC55B1BEB44CB007998DE /* Frameworks */,
				68EAC55C1BEB44CB007998DE /* Resources */,
			);
			buildRules = (
			);
			dependencies = (
			);
			name = UIImageViewDemo2;
			productName = UIImageViewDemo2;
			productReference = 68EAC55E1BEB44CB007998DE /* UIImageViewDemo2.app */;
			productType = "com.apple.product-type.application";
		};
		68EAC5761BEB44CB007998DE /* UIImageViewDemo2Tests */ = {
			isa = PBXNativeTarget;
			buildConfigurationList = 68EAC5841BEB44CB007998DE /* Build configuration list for PBXNativeTarget "UIImageViewDemo2Tests" */;
			buildPhases = (
				68EAC5731BEB44CB007998DE /* Sources */,
				68EAC5741BEB44CB007998DE /* Frameworks */,
				68EAC5751BEB44CB007998DE /* Resources */,
			);
			buildRules = (
			);
			dependencies = (
				68EAC5791BEB44CB007998DE /* PBXTargetDependency */,
			);
			name = UIImageViewDemo2Tests;
			productName = UIImageViewDemo2Tests;
			productReference = 68EAC5771BEB44CB007998DE /* UIImageViewDemo2Tests.xctest */;
			productType = "com.apple.product-type.bundle.unit-test";
		};
/* End PBXNativeTarget section */

/* Begin PBXProject section */
		68EAC5561BEB44CB007998DE /* Project object */ = {
			isa = PBXProject;
			attributes = {
				LastUpgradeCheck = 0630;
				ORGANIZATIONNAME = qianfeng;
				TargetAttributes = {
					68EAC55D1BEB44CB007998DE = {
						CreatedOnToolsVersion = 6.3;
					};
					68EAC5761BEB44CB007998DE = {
						CreatedOnToolsVersion = 6.3;
						TestTargetID = 68EAC55D1BEB44CB007998DE;
					};
				};
			};
			buildConfigurationList = 68EAC5591BEB44CB007998DE /* Build configuration list for PBXProject "UIImageViewDemo2" */;
			compatibilityVersion = "Xcode 3.2";
			developmentRegion = English;
			hasScannedForEncodings = 0;
			knownRegions = (
				en,
				Base,
			);
			mainGroup = 68EAC5551BEB44CB007998DE;
			productRefGroup = 68EAC55F1BEB44CB007998DE /* Products */;
			projectDirPath = "";
			projectRoot = "";
			targets = (
				68EAC55D1BEB44CB007998DE /* UIImageViewDemo2 */,
				68EAC5761BEB44CB007998DE /* UIImageViewDemo2Tests */,
			);
		};
/* End PBXProject section */

/* Begin PBXResourcesBuildPhase section */
		68EAC55C1BEB44CB007998DE /* Resources */ = {
			isa = PBXResourcesBuildPhase;
			buildActionMask = 2147483647;
			files = (
				68EAC61B1BEB44F7007998DE /* img_74.png in Resources */,
				68EAC6171BEB44F7007998DE /* img_70.png in Resources */,
				68EAC5F01BEB44F7007998DE /* img_35.png in Resources */,
				68EAC6191BEB44F7007998DE /* img_72.png in Resources */,
				68EAC5EF1BEB44F7007998DE /* img_34.png in Resources */,
				68EAC60F1BEB44F7007998DE /* img_63.png in Resources */,
				68EAC5FB1BEB44F7007998DE /* img_45.png in Resources */,
				68EAC5DB1BEB44F7007998DE /* img_16.png in Resources */,
				68EAC5D81BEB44F7007998DE /* img_13.png in Resources */,
				68EAC6221BEB4973007998DE /* press.png in Resources */,
				68EAC6111BEB44F7007998DE /* img_65.png in Resources */,
				68EAC5D51BEB44F7007998DE /* img_10.png in Resources */,
				68EAC5FF1BEB44F7007998DE /* img_49.png in Resources */,
				68EAC6121BEB44F7007998DE /* img_66.png in Resources */,
				68EAC5E61BEB44F7007998DE /* img_26.png in Resources */,
				68EAC5FA1BEB44F7007998DE /* img_44.png in Resources */,
				68EAC5F71BEB44F7007998DE /* img_41.png in Resources */,
				68EAC5EC1BEB44F7007998DE /* img_31.png in Resources */,
				68EAC5D31BEB44F7007998DE /* img_0.png in Resources */,
				68EAC6141BEB44F7007998DE /* img_68.png in Resources */,
				68EAC5F81BEB44F7007998DE /* img_42.png in Resources */,
				68EAC5F11BEB44F7007998DE /* img_36.png in Resources */,
				68EAC5ED1BEB44F7007998DE /* img_32.png in Resources */,
				68EAC6101BEB44F7007998DE /* img_64.png in Resources */,
				68EAC60C1BEB44F7007998DE /* img_60.png in Resources */,
				68EAC56D1BEB44CB007998DE /* Main.storyboard in Resources */,
				68EAC6011BEB44F7007998DE /* img_50.png in Resources */,
				68EAC5721BEB44CB007998DE /* LaunchScreen.xib in Resources */,
				68EAC5F31BEB44F7007998DE /* img_38.png in Resources */,
				68EAC5E31BEB44F7007998DE /* img_23.png in Resources */,
				68EAC6181BEB44F7007998DE /* img_71.png in Resources */,
				68EAC6211BEB4973007998DE /* nor.png in Resources */,
				68EAC60E1BEB44F7007998DE /* img_62.png in Resources */,
				68EAC5E11BEB44F7007998DE /* img_21.png in Resources */,
				68EAC5DE1BEB44F7007998DE /* img_19.png in Resources */,
				68EAC5E21BEB44F7007998DE /* img_22.png in Resources */,
				68EAC5D71BEB44F7007998DE /* img_12.png in Resources */,
				68EAC6051BEB44F7007998DE /* img_54.png in Resources */,
				68EAC6001BEB44F7007998DE /* img_5.png in Resources */,
				68EAC6061BEB44F7007998DE /* img_55.png in Resources */,
				68EAC6161BEB44F7007998DE /* img_7.png in Resources */,
				68EAC5D91BEB44F7007998DE /* img_14.png in Resources */,
				68EAC5DA1BEB44F7007998DE /* img_15.png in Resources */,
				68EAC5DF1BEB44F7007998DE /* img_2.png in Resources */,
				68EAC5D41BEB44F7007998DE /* img_1.png in Resources */,
				68EAC5E81BEB44F7007998DE /* img_28.png in Resources */,
				68EAC60A1BEB44F7007998DE /* img_59.png in Resources */,
				68EAC60D1BEB44F7007998DE /* img_61.png in Resources */,
				68EAC6021BEB44F7007998DE /* img_51.png in Resources */,
				68EAC5EA1BEB44F7007998DE /* img_3.png in Resources */,
				68EAC5D61BEB44F7007998DE /* img_11.png in Resources */,
				68EAC61C1BEB44F7007998DE /* img_8.png in Resources */,
				68EAC6041BEB44F7007998DE /* img_53.png in Resources */,
				68EAC6071BEB44F7007998DE /* img_56.png in Resources */,
				68EAC60B1BEB44F7007998DE /* img_6.png in Resources */,
				68EAC5E91BEB44F7007998DE /* img_29.png in Resources */,
				68EAC5F41BEB44F7007998DE /* img_39.png in Resources */,
				68EAC56F1BEB44CB007998DE /* Images.xcassets in Resources */,
				68EAC6031BEB44F7007998DE /* img_52.png in Resources */,
				68EAC5FD1BEB44F7007998DE /* img_47.png in Resources */,
				68EAC5F91BEB44F7007998DE /* img_43.png in Resources */,
				68EAC5E71BEB44F7007998DE /* img_27.png in Resources */,
				68EAC5E01BEB44F7007998DE /* img_20.png in Resources */,
				68EAC6081BEB44F7007998DE /* img_57.png in Resources */,
				68EAC6151BEB44F7007998DE /* img_69.png in Resources */,
				68EAC5FE1BEB44F7007998DE /* img_48.png in Resources */,
				68EAC5F61BEB44F7007998DE /* img_40.png in Resources */,
				68EAC5FC1BEB44F7007998DE /* img_46.png in Resources */,
				68EAC6131BEB44F7007998DE /* img_67.png in Resources */,
				68EAC5E41BEB44F7007998DE /* img_24.png in Resources */,
				68EAC61A1BEB44F7007998DE /* img_73.png in Resources */,
				68EAC5EE1BEB44F7007998DE /* img_33.png in Resources */,
				68EAC5F51BEB44F7007998DE /* img_4.png in Resources */,
				68EAC61D1BEB44F7007998DE /* img_9.png in Resources */,
				68EAC5EB1BEB44F7007998DE /* img_30.png in Resources */,
				68EAC5F21BEB44F7007998DE /* img_37.png in Resources */,
				68EAC6091BEB44F7007998DE /* img_58.png in Resources */,
				68EAC5DD1BEB44F7007998DE /* img_18.png in Resources */,
				68EAC5E51BEB44F7007998DE /* img_25.png in Resources */,
				68EAC5DC1BEB44F7007998DE /* img_17.png in Resources */,
			);
			runOnlyForDeploymentPostprocessing = 0;
		};
		68EAC5751BEB44CB007998DE /* Resources */ = {
			isa = PBXResourcesBuildPhase;
			buildActionMask = 2147483647;
			files = (
			);
			runOnlyForDeploymentPostprocessing = 0;
		};
/* End PBXResourcesBuildPhase section */

/* Begin PBXSourcesBuildPhase section */
		68EAC55A1BEB44CB007998DE /* Sources */ = {
			isa = PBXSourcesBuildPhase;
			buildActionMask = 2147483647;
			files = (
				68EAC56A1BEB44CB007998DE /* ViewController.m in Sources */,
				68EAC5671BEB44CB007998DE /* AppDelegate.m in Sources */,
				68EAC5641BEB44CB007998DE /* main.m in Sources */,
			);
			runOnlyForDeploymentPostprocessing = 0;
		};
		68EAC5731BEB44CB007998DE /* Sources */ = {
			isa = PBXSourcesBuildPhase;
			buildActionMask = 2147483647;
			files = (
				68EAC57E1BEB44CB007998DE /* UIImageViewDemo2Tests.m in Sources */,
			);
			runOnlyForDeploymentPostprocessing = 0;
		};
/* End PBXSourcesBuildPhase section */

/* Begin PBXTargetDependency section */
		68EAC5791BEB44CB007998DE /* PBXTargetDependency */ = {
			isa = PBXTargetDependency;
			target = 68EAC55D1BEB44CB007998DE /* UIImageViewDemo2 */;
			targetProxy = 68EAC5781BEB44CB007998DE /* PBXContainerItemProxy */;
		};
/* End PBXTargetDependency section */

/* Begin PBXVariantGroup section */
		68EAC56B1BEB44CB007998DE /* Main.storyboard */ = {
			isa = PBXVariantGroup;
			children = (
				68EAC56C1BEB44CB007998DE /* Base */,
			);
			name = Main.storyboard;
			sourceTree = "<group>";
		};
		68EAC5701BEB44CB007998DE /* LaunchScreen.xib */ = {
			isa = PBXVariantGroup;
			children = (
				68EAC5711BEB44CB007998DE /* Base */,
			);
			name = LaunchScreen.xib;
			sourceTree = "<group>";
		};
/* End PBXVariantGroup section */

/* Begin XCBuildConfiguration section */
		68EAC57F1BEB44CB007998DE /* Debug */ = {
			isa = XCBuildConfiguration;
			buildSettings = {
				ALWAYS_SEARCH_USER_PATHS = NO;
				CLANG_CXX_LANGUAGE_STANDARD = "gnu++0x";
				CLANG_CXX_LIBRARY = "libc++";
				CLANG_ENABLE_MODULES = YES;
				CLANG_ENABLE_OBJC_ARC = YES;
				CLANG_WARN_BOOL_CONVERSION = YES;
				CLANG_WARN_CONSTANT_CONVERSION = YES;
				CLANG_WARN_DIRECT_OBJC_ISA_USAGE = YES_ERROR;
				CLANG_WARN_EMPTY_BODY = YES;
				CLANG_WARN_ENUM_CONVERSION = YES;
				CLANG_WARN_INT_CONVERSION = YES;
				CLANG_WARN_OBJC_ROOT_CLASS = YES_ERROR;
				CLANG_WARN_UNREACHABLE_CODE = YES;
				CLANG_WARN__DUPLICATE_METHOD_MATCH = YES;
				"CODE_SIGN_IDENTITY[sdk=iphoneos*]" = "iPhone Developer";
				COPY_PHASE_STRIP = NO;
				DEBUG_INFORMATION_FORMAT = "dwarf-with-dsym";
				ENABLE_STRICT_OBJC_MSGSEND = YES;
				GCC_C_LANGUAGE_STANDARD = gnu99;
				GCC_DYNAMIC_NO_PIC = NO;
				GCC_NO_COMMON_BLOCKS = YES;
				GCC_OPTIMIZATION_LEVEL = 0;
				GCC_PREPROCESSOR_DEFINITIONS = (
					"DEBUG=1",
					"$(inherited)",
				);
				GCC_SYMBOLS_PRIVATE_EXTERN = NO;
				GCC_WARN_64_TO_32_BIT_CONVERSION = YES;
				GCC_WARN_ABOUT_RETURN_TYPE = YES_ERROR;
				GCC_WARN_UNDECLARED_SELECTOR = YES;
				GCC_WARN_UNINITIALIZED_AUTOS = YES_AGGRESSIVE;
				GCC_WARN_UNUSED_FUNCTION = YES;
				GCC_WARN_UNUSED_VARIABLE = YES;
				IPHONEOS_DEPLOYMENT_TARGET = 8.3;
				MTL_ENABLE_DEBUG_INFO = YES;
				ONLY_ACTIVE_ARCH = YES;
				SDKROOT = iphoneos;
			};
			name = Debug;
		};
		68EAC5801BEB44CB007998DE /* Release */ = {
			isa = XCBuildConfiguration;
			buildSettings = {
				ALWAYS_SEARCH_USER_PATHS = NO;
				CLANG_CXX_LANGUAGE_STANDARD = "gnu++0x";
				CLANG_CXX_LIBRARY = "libc++";
				CLANG_ENABLE_MODULES = YES;
				CLANG_ENABLE_OBJC_ARC = YES;
				CLANG_WARN_BOOL_CONVERSION = YES;
				CLANG_WARN_CONSTANT_CONVERSION = YES;
				CLANG_WARN_DIRECT_OBJC_ISA_USAGE = YES_ERROR;
				CLANG_WARN_EMPTY_BODY = YES;
				CLANG_WARN_ENUM_CONVERSION = YES;
				CLANG_WARN_INT_CONVERSION = YES;
				CLANG_WARN_OBJC_ROOT_CLASS = YES_ERROR;
				CLANG_WARN_UNREACHABLE_CODE = YES;
				CLANG_WARN__DUPLICATE_METHOD_MATCH = YES;
				"CODE_SIGN_IDENTITY[sdk=iphoneos*]" = "iPhone Developer";
				COPY_PHASE_STRIP = NO;
				DEBUG_INFORMATION_FORMAT = "dwarf-with-dsym";
				ENABLE_NS_ASSERTIONS = NO;
				ENABLE_STRICT_OBJC_MSGSEND = YES;
				GCC_C_LANGUAGE_STANDARD = gnu99;
				GCC_NO_COMMON_BLOCKS = YES;
				GCC_WARN_64_TO_32_BIT_CONVERSION = YES;
				GCC_WARN_ABOUT_RETURN_TYPE = YES_ERROR;
				GCC_WARN_UNDECLARED_SELECTOR = YES;
				GCC_WARN_UNINITIALIZED_AUTOS = YES_AGGRESSIVE;
				GCC_WARN_UNUSED_FUNCTION = YES;
				GCC_WARN_UNUSED_VARIABLE = YES;
				IPHONEOS_DEPLOYMENT_TARGET = 8.3;
				MTL_ENABLE_DEBUG_INFO = NO;
				SDKROOT = iphoneos;
				VALIDATE_PRODUCT = YES;
			};
			name = Release;
		};
		68EAC5821BEB44CB007998DE /* Debug */ = {
			isa = XCBuildConfiguration;
			buildSettings = {
				ASSETCATALOG_COMPILER_APPICON_NAME = AppIcon;
				INFOPLIST_FILE = UIImageViewDemo2/Info.plist;
				LD_RUNPATH_SEARCH_PATHS = "$(inherited) @executable_path/Frameworks";
				PRODUCT_NAME = "$(TARGET_NAME)";
			};
			name = Debug;
		};
		68EAC5831BEB44CB007998DE /* Release */ = {
			isa = XCBuildConfiguration;
			buildSettings = {
				ASSETCATALOG_COMPILER_APPICON_NAME = AppIcon;
				INFOPLIST_FILE = UIImageViewDemo2/Info.plist;
				LD_RUNPATH_SEARCH_PATHS = "$(inherited) @executable_path/Frameworks";
				PRODUCT_NAME = "$(TARGET_NAME)";
			};
			name = Release;
		};
		68EAC5851BEB44CB007998DE /* Debug */ = {
			isa = XCBuildConfiguration;
			buildSettings = {
				BUNDLE_LOADER = "$(TEST_HOST)";
				FRAMEWORK_SEARCH_PATHS = (
					"$(SDKROOT)/Developer/Library/Frameworks",
					"$(inherited)",
				);
				GCC_PREPROCESSOR_DEFINITIONS = (
					"DEBUG=1",
					"$(inherited)",
				);
				INFOPLIST_FILE = UIImageViewDemo2Tests/Info.plist;
				LD_RUNPATH_SEARCH_PATHS = "$(inherited) @executable_path/Frameworks @loader_path/Frameworks";
				PRODUCT_NAME = "$(TARGET_NAME)";
				TEST_HOST = "$(BUILT_PRODUCTS_DIR)/UIImageViewDemo2.app/UIImageViewDemo2";
			};
			name = Debug;
		};
		68EAC5861BEB44CB007998DE /* Release */ = {
			isa = XCBuildConfiguration;
			buildSettings = {
				BUNDLE_LOADER = "$(TEST_HOST)";
				FRAMEWORK_SEARCH_PATHS = (
					"$(SDKROOT)/Developer/Library/Frameworks",
					"$(inherited)",
				);
				INFOPLIST_FILE = UIImageViewDemo2Tests/Info.plist;
				LD_RUNPATH_SEARCH_PATHS = "$(inherited) @executable_path/Frameworks @loader_path/Frameworks";
				PRODUCT_NAME = "$(TARGET_NAME)";
				TEST_HOST = "$(BUILT_PRODUCTS_DIR)/UIImageViewDemo2.app/UIImageViewDemo2";
			};
			name = Release;
		};
/* End XCBuildConfiguration section */

/* Begin XCConfigurationList section */
		68EAC5591BEB44CB007998DE /* Build configuration list for PBXProject "UIImageViewDemo2" */ = {
			isa = XCConfigurationList;
			buildConfigurations = (
				68EAC57F1BEB44CB007998DE /* Debug */,
				68EAC5801BEB44CB007998DE /* Release */,
			);
			defaultConfigurationIsVisible = 0;
			defaultConfigurationName = Release;
		};
		68EAC5811BEB44CB007998DE /* Build configuration list for PBXNativeTarget "UIImageViewDemo2" */ = {
			isa = XCConfigurationList;
			buildConfigurations = (
				68EAC5821BEB44CB007998DE /* Debug */,
				68EAC5831BEB44CB007998DE /* Release */,
			);
			defaultConfigurationIsVisible = 0;
		};
		68EAC5841BEB44CB007998DE /* Build configuration list for PBXNativeTarget "UIImageViewDemo2Tests" */ = {
			isa = XCConfigurationList;
			buildConfigurations = (
				68EAC5851BEB44CB007998DE /* Debug */,
				68EAC5861BEB44CB007998DE /* Release */,
			);
			defaultConfigurationIsVisible = 0;
		};
/* End XCConfigurationList section */
	};
	rootObject = 68EAC5561BEB44CB007998DE /* Project object */;
}
